
Microsoft Visual Studio Solution File, Format Version 12.00
# Visual Studio Version 16
VisualStudioVersion = 16.0.32602.291
MinimumVisualStudioVersion = 10.0.40219.1
Project("{FAE04EC0-301F-11D3-BF4B-00C04F79EFBC}") = "YazOkuluDersler", "YazOkuluDersler\YazOkuluDersler.csproj", "{5906AE55-DFD4-4342-936B-F719105C330D}"
EndProject
Project("{FAE04EC0-301F-11D3-BF4B-00C04F79EFBC}") = "EntityLayer", "..\EntityLayer\EntityLayer.csproj", "{040F5BED-4EC4-4698-B055-F6015A91E13C}"
EndProject
Project("{FAE04EC0-301F-11D3-BF4B-00C04F79EFBC}") = "DataAccessLayer", "DataAccessLayer\DataAccessLayer.csproj", "{2C995868-83DC-4034-B5C2-6CA7408D1956}"
EndProject
Project("{FAE04EC0-301F-11D3-BF4B-00C04F79EFBC}") = "BusinessLogicLayer", "BusinessLogicLayer\BusinessLogicLayer.csproj", "{E015A02D-F31D-49C1-8228-965ED16210AF}"
EndProject
Global
	GlobalSection(SolutionConfigurationPlatforms) = preSolution
		Debug|Any CPU = Debug|Any CPU
		Release|Any CPU = Release|Any CPU
	EndGlobalSection
	GlobalSection(ProjectConfigurationPlatforms) = postSolution
		{5906AE55-DFD4-4342-936B-F719105C330D}.Debug|Any CPU.ActiveCfg = Debug|Any CPU
		{5906AE55-DFD4-4342-936B-F719105C330D}.Debug|Any CPU.Build.0 = Debug|Any CPU
		{5906AE55-DFD4-4342-936B-F719105C330D}.Release|Any CPU.ActiveCfg = Release|Any CPU
		{5906AE55-DFD4-4342-936B-F719105C330D}.Release|Any CPU.Build.0 = Release|Any CPU
		{040F5BED-4EC4-4698-B055-F6015A91E13C}.Debug|Any CPU.ActiveCfg = Debug|Any CPU
		{040F5BED-4EC4-4698-B055-F6015A91E13C}.Debug|Any CPU.Build.0 = Debug|Any CPU
		{040F5BED-4EC4-4698-B055-F6015A91E13C}.Release|Any CPU.ActiveCfg = Release|Any CPU
		{040F5BED-4EC4-4698-B055-F6015A91E13C}.Release|Any CPU.Build.0 = Release|Any CPU
		{2C995868-83DC-4034-B5C2-6CA7408D1956}.Debug|Any CPU.ActiveCfg = Debug|Any CPU
		{2C995868-83DC-4034-B5C2-6CA7408D1956}.Debug|Any CPU.Build.0 = Debug|Any CPU
		{2C995868-83DC-4034-B5C2-6CA7408D1956}.Release|Any CPU.ActiveCfg = Release|Any CPU
		{2C995868-83DC-4034-B5C2-6CA7408D1956}.Release|Any CPU.Build.0 = Release|Any CPU
		{E015A02D-F31D-49C1-8228-965ED16210AF}.Debug|Any CPU.ActiveCfg = Debug|Any CPU
		{E015A02D-F31D-49C1-8228-965ED16210AF}.Debug|Any CPU.Build.0 = Debug|Any CPU
		{E015A02D-F31D-49C1-8228-965ED16210AF}.Release|Any CPU.ActiveCfg = Release|Any CPU
		{E015A02D-F31D-49C1-8228-965ED16210AF}.Release|Any CPU.Build.0 = Release|Any CPU
	EndGlobalSection
	GlobalSection(SolutionProperties) = preSolution
		HideSolutionNode = FALSE
	EndGlobalSection
	GlobalSection(ExtensibilityGlobals) = postSolution
		SolutionGuid = {02F19502-D20E-4D10-A846-96FA3E57EB5F}
	EndGlobalSection
EndGlobal
